// !$*UTF8*$!
{
	archiveVersion = 1;
	classes = {
	};
	objectVersion = 56;
	objects = {

/* Begin PBXBuildFile section */
		7D3F04BA2B45629200044D01 /* PaymentPageModule.h in Headers */ = {isa = PBXBuildFile; fileRef = 7D3F04B92B45629200044D01 /* PaymentPageModule.h */; settings = {ATTRIBUTES = (Public, ); }; };
		7D3F04EA2B45634C00044D01 /* PaymentPageModuleInterface.swift in Sources */ = {isa = PBXBuildFile; fileRef = 7D3F04E92B45634C00044D01 /* PaymentPageModuleInterface.swift */; };
		7D3F04EC2B45639D00044D01 /* PaymentPageViewController.swift in Sources */ = {isa = PBXBuildFile; fileRef = 7D3F04EB2B45639D00044D01 /* PaymentPageViewController.swift */; };
		7D3F04EE2B4563D200044D01 /* PaymenPageRouter.swift in Sources */ = {isa = PBXBuildFile; fileRef = 7D3F04ED2B4563D200044D01 /* PaymenPageRouter.swift */; };
		7D3F04F42B4569B300044D01 /* SnapKit in Frameworks */ = {isa = PBXBuildFile; productRef = 7D3F04F32B4569B300044D01 /* SnapKit */; };
		7D3F04F62B4569B300044D01 /* SnapKit-Dynamic in Frameworks */ = {isa = PBXBuildFile; productRef = 7D3F04F52B4569B300044D01 /* SnapKit-Dynamic */; };
		7D3F04F92B4569CE00044D01 /* ThemeKit.framework in Frameworks */ = {isa = PBXBuildFile; fileRef = 7D3F04F82B4569CE00044D01 /* ThemeKit.framework */; };
		7D3F04FA2B4569CE00044D01 /* ThemeKit.framework in Embed Frameworks */ = {isa = PBXBuildFile; fileRef = 7D3F04F82B4569CE00044D01 /* ThemeKit.framework */; settings = {ATTRIBUTES = (CodeSignOnCopy, RemoveHeadersOnCopy, ); }; };
		7D3F04FD2B456AD000044D01 /* MovieAndTicketInfoView.swift in Sources */ = {isa = PBXBuildFile; fileRef = 7D3F04FC2B456AD000044D01 /* MovieAndTicketInfoView.swift */; };
		7D3F04FF2B456DA200044D01 /* PaymentPageView.swift in Sources */ = {isa = PBXBuildFile; fileRef = 7D3F04FE2B456DA200044D01 /* PaymentPageView.swift */; };
/* End PBXBuildFile section */

/* Begin PBXCopyFilesBuildPhase section */
		7D3F04FB2B4569CE00044D01 /* Embed Frameworks */ = {
			isa = PBXCopyFilesBuildPhase;
			buildActionMask = 2147483647;
			dstPath = "";
			dstSubfolderSpec = 10;
			files = (
				7D3F04FA2B4569CE00044D01 /* ThemeKit.framework in Embed Frameworks */,
			);
			name = "Embed Frameworks";
			runOnlyForDeploymentPostprocessing = 0;
		};
/* End PBXCopyFilesBuildPhase section */

/* Begin PBXFileReference section */
		7D3F04B62B45629200044D01 /* PaymentPageModule.framework */ = {isa = PBXFileReference; explicitFileType = wrapper.framework; includeInIndex = 0; path = PaymentPageModule.framework; sourceTree = BUILT_PRODUCTS_DIR; };
		7D3F04B92B45629200044D01 /* PaymentPageModule.h */ = {isa = PBXFileReference; lastKnownFileType = sourcecode.c.h; path = PaymentPageModule.h; sourceTree = "<group>"; };
		7D3F04E92B45634C00044D01 /* PaymentPageModuleInterface.swift */ = {isa = PBXFileReference; lastKnownFileType = sourcecode.swift; path = PaymentPageModuleInterface.swift; sourceTree = "<group>"; };
		7D3F04EB2B45639D00044D01 /* PaymentPageViewController.swift */ = {isa = PBXFileReference; lastKnownFileType = sourcecode.swift; path = PaymentPageViewController.swift; sourceTree = "<group>"; };
		7D3F04ED2B4563D200044D01 /* PaymenPageRouter.swift */ = {isa = PBXFileReference; lastKnownFileType = sourcecode.swift; path = PaymenPageRouter.swift; sourceTree = "<group>"; };
		7D3F04F82B4569CE00044D01 /* ThemeKit.framework */ = {isa = PBXFileReference; explicitFileType = wrapper.framework; path = ThemeKit.framework; sourceTree = BUILT_PRODUCTS_DIR; };
		7D3F04FC2B456AD000044D01 /* MovieAndTicketInfoView.swift */ = {isa = PBXFileReference; lastKnownFileType = sourcecode.swift; path = MovieAndTicketInfoView.swift; sourceTree = "<group>"; };
		7D3F04FE2B456DA200044D01 /* PaymentPageView.swift */ = {isa = PBXFileReference; lastKnownFileType = sourcecode.swift; path = PaymentPageView.swift; sourceTree = "<group>"; };
/* End PBXFileReference section */

/* Begin PBXFrameworksBuildPhase section */
		7D3F04B32B45629200044D01 /* Frameworks */ = {
			isa = PBXFrameworksBuildPhase;
			buildActionMask = 2147483647;
			files = (
				7D3F04F92B4569CE00044D01 /* ThemeKit.framework in Frameworks */,
				7D3F04F42B4569B300044D01 /* SnapKit in Frameworks */,
				7D3F04F62B4569B300044D01 /* SnapKit-Dynamic in Frameworks */,
			);
			runOnlyForDeploymentPostprocessing = 0;
		};
/* End PBXFrameworksBuildPhase section */

/* Begin PBXGroup section */
		7D3F04AC2B45629200044D01 = {
			isa = PBXGroup;
			children = (
				7D3F04B82B45629200044D01 /* PaymentPageModule */,
				7D3F04B72B45629200044D01 /* Products */,
				7D3F04F72B4569CE00044D01 /* Frameworks */,
			);
			sourceTree = "<group>";
		};
		7D3F04B72B45629200044D01 /* Products */ = {
			isa = PBXGroup;
			children = (
				7D3F04B62B45629200044D01 /* PaymentPageModule.framework */,
			);
			name = Products;
			sourceTree = "<group>";
		};
		7D3F04B82B45629200044D01 /* PaymentPageModule */ = {
			isa = PBXGroup;
			children = (
				7D3F04EF2B4568A600044D01 /* Source */,
				7D3F04E82B45633300044D01 /* InterfaceSource */,
				7D3F04B92B45629200044D01 /* PaymentPageModule.h */,
			);
			path = PaymentPageModule;
			sourceTree = "<group>";
		};
		7D3F04E82B45633300044D01 /* InterfaceSource */ = {
			isa = PBXGroup;
			children = (
				7D3F04E92B45634C00044D01 /* PaymentPageModuleInterface.swift */,
			);
			path = InterfaceSource;
			sourceTree = "<group>";
		};
		7D3F04EF2B4568A600044D01 /* Source */ = {
			isa = PBXGroup;
			children = (
				7D3F04EB2B45639D00044D01 /* PaymentPageViewController.swift */,
				7D3F04ED2B4563D200044D01 /* PaymenPageRouter.swift */,
				7D3F04FC2B456AD000044D01 /* MovieAndTicketInfoView.swift */,
				7D3F04FE2B456DA200044D01 /* PaymentPageView.swift */,
			);
			path = Source;
			sourceTree = "<group>";
		};
		7D3F04F72B4569CE00044D01 /* Frameworks */ = {
			isa = PBXGroup;
			children = (
				7D3F04F82B4569CE00044D01 /* ThemeKit.framework */,
			);
			name = Frameworks;
			sourceTree = "<group>";
		};
/* End PBXGroup section */

/* Begin PBXHeadersBuildPhase section */
		7D3F04B12B45629200044D01 /* Headers */ = {
			isa = PBXHeadersBuildPhase;
			buildActionMask = 2147483647;
			files = (
				7D3F04BA2B45629200044D01 /* PaymentPageModule.h in Headers */,
			);
			runOnlyForDeploymentPostprocessing = 0;
		};
/* End PBXHeadersBuildPhase section */

/* Begin PBXNativeTarget section */
		7D3F04B52B45629200044D01 /* PaymentPageModule */ = {
			isa = PBXNativeTarget;
			buildConfigurationList = 7D3F04BD2B45629200044D01 /* Build configuration list for PBXNativeTarget "PaymentPageModule" */;
			buildPhases = (
				7D3F04B12B45629200044D01 /* Headers */,
				7D3F04B22B45629200044D01 /* Sources */,
				7D3F04B32B45629200044D01 /* Frameworks */,
				7D3F04B42B45629200044D01 /* Resources */,
				7D3F04FB2B4569CE00044D01 /* Embed Frameworks */,
			);
			buildRules = (
			);
			dependencies = (
			);
			name = PaymentPageModule;
			packageProductDependencies = (
				7D3F04F32B4569B300044D01 /* SnapKit */,
				7D3F04F52B4569B300044D01 /* SnapKit-Dynamic */,
			);
			productName = PaymentPageModule;
			productReference = 7D3F04B62B45629200044D01 /* PaymentPageModule.framework */;
			productType = "com.apple.product-type.framework";
		};
/* End PBXNativeTarget section */

/* Begin PBXProject section */
		7D3F04AD2B45629200044D01 /* Project object */ = {
			isa = PBXProject;
			attributes = {
				BuildIndependentTargetsInParallel = 1;
				LastUpgradeCheck = 1500;
				TargetAttributes = {
					7D3F04B52B45629200044D01 = {
						CreatedOnToolsVersion = 15.0;
						LastSwiftMigration = 1500;
					};
				};
			};
			buildConfigurationList = 7D3F04B02B45629200044D01 /* Build configuration list for PBXProject "PaymentPageModule" */;
			compatibilityVersion = "Xcode 14.0";
			developmentRegion = en;
			hasScannedForEncodings = 0;
			knownRegions = (
				en,
				Base,
			);
			mainGroup = 7D3F04AC2B45629200044D01;
			packageReferences = (
				7D3F04F22B4569B300044D01 /* XCRemoteSwiftPackageReference "SnapKit" */,
			);
			productRefGroup = 7D3F04B72B45629200044D01 /* Products */;
			projectDirPath = "";
			projectRoot = "";
			targets = (
				7D3F04B52B45629200044D01 /* PaymentPageModule */,
			);
		};
/* End PBXProject section */

/* Begin PBXResourcesBuildPhase section */
		7D3F04B42B45629200044D01 /* Resources */ = {
			isa = PBXResourcesBuildPhase;
			buildActionMask = 2147483647;
			files = (
			);
			runOnlyForDeploymentPostprocessing = 0;
		};
/* End PBXResourcesBuildPhase section */

/* Begin PBXSourcesBuildPhase section */
		7D3F04B22B45629200044D01 /* Sources */ = {
			isa = PBXSourcesBuildPhase;
			buildActionMask = 2147483647;
			files = (
				7D3F04FF2B456DA200044D01 /* PaymentPageView.swift in Sources */,
				7D3F04EE2B4563D200044D01 /* PaymenPageRouter.swift in Sources */,
				7D3F04FD2B456AD000044D01 /* MovieAndTicketInfoView.swift in Sources */,
				7D3F04EC2B45639D00044D01 /* PaymentPageViewController.swift in Sources */,
				7D3F04EA2B45634C00044D01 /* PaymentPageModuleInterface.swift in Sources */,
			);
			runOnlyForDeploymentPostprocessing = 0;
		};
/* End PBXSourcesBuildPhase section */

/* Begin XCBuildConfiguration section */
		7D3F04BB2B45629200044D01 /* Debug */ = {
			isa = XCBuildConfiguration;
			buildSettings = {
				ALWAYS_SEARCH_USER_PATHS = NO;
				ASSETCATALOG_COMPILER_GENERATE_SWIFT_ASSET_SYMBOL_EXTENSIONS = YES;
				CLANG_ANALYZER_NONNULL = YES;
				CLANG_ANALYZER_NUMBER_OBJECT_CONVERSION = YES_AGGRESSIVE;
				CLANG_CXX_LANGUAGE_STANDARD = "gnu++20";
				CLANG_ENABLE_MODULES = YES;
				CLANG_ENABLE_OBJC_ARC = YES;
				CLANG_ENABLE_OBJC_WEAK = YES;
				CLANG_WARN_BLOCK_CAPTURE_AUTORELEASING = YES;
				CLANG_WARN_BOOL_CONVERSION = YES;
				CLANG_WARN_COMMA = YES;
				CLANG_WARN_CONSTANT_CONVERSION = YES;
				CLANG_WARN_DEPRECATED_OBJC_IMPLEMENTATIONS = YES;
				CLANG_WARN_DIRECT_OBJC_ISA_USAGE = YES_ERROR;
				CLANG_WARN_DOCUMENTATION_COMMENTS = YES;
				CLANG_WARN_EMPTY_BODY = YES;
				CLANG_WARN_ENUM_CONVERSION = YES;
				CLANG_WARN_INFINITE_RECURSION = YES;
				CLANG_WARN_INT_CONVERSION = YES;
				CLANG_WARN_NON_LITERAL_NULL_CONVERSION = YES;
				CLANG_WARN_OBJC_IMPLICIT_RETAIN_SELF = YES;
				CLANG_WARN_OBJC_LITERAL_CONVERSION = YES;
				CLANG_WARN_OBJC_ROOT_CLASS = YES_ERROR;
				CLANG_WARN_QUOTED_INCLUDE_IN_FRAMEWORK_HEADER = YES;
				CLANG_WARN_RANGE_LOOP_ANALYSIS = YES;
				CLANG_WARN_STRICT_PROTOTYPES = YES;
				CLANG_WARN_SUSPICIOUS_MOVE = YES;
				CLANG_WARN_UNGUARDED_AVAILABILITY = YES_AGGRESSIVE;
				CLANG_WARN_UNREACHABLE_CODE = YES;
				CLANG_WARN__DUPLICATE_METHOD_MATCH = YES;
				COPY_PHASE_STRIP = NO;
				CURRENT_PROJECT_VERSION = 1;
				DEBUG_INFORMATION_FORMAT = dwarf;
				ENABLE_STRICT_OBJC_MSGSEND = YES;
				ENABLE_TESTABILITY = YES;
				ENABLE_USER_SCRIPT_SANDBOXING = YES;
				GCC_C_LANGUAGE_STANDARD = gnu17;
				GCC_DYNAMIC_NO_PIC = NO;
				GCC_NO_COMMON_BLOCKS = YES;
				GCC_OPTIMIZATION_LEVEL = 0;
				GCC_PREPROCESSOR_DEFINITIONS = (
					"DEBUG=1",
					"$(inherited)",
				);
				GCC_WARN_64_TO_32_BIT_CONVERSION = YES;
				GCC_WARN_ABOUT_RETURN_TYPE = YES_ERROR;
				GCC_WARN_UNDECLARED_SELECTOR = YES;
				GCC_WARN_UNINITIALIZED_AUTOS = YES_AGGRESSIVE;
				GCC_WARN_UNUSED_FUNCTION = YES;
				GCC_WARN_UNUSED_VARIABLE = YES;
				IPHONEOS_DEPLOYMENT_TARGET = 17.0;
				LOCALIZATION_PREFERS_STRING_CATALOGS = YES;
				MTL_ENABLE_DEBUG_INFO = INCLUDE_SOURCE;
				MTL_FAST_MATH = YES;
				ONLY_ACTIVE_ARCH = YES;
				SDKROOT = iphoneos;
				SWIFT_ACTIVE_COMPILATION_CONDITIONS = "DEBUG $(inherited)";
				SWIFT_OPTIMIZATION_LEVEL = "-Onone";
				VERSIONING_SYSTEM = "apple-generic";
				VERSION_INFO_PREFIX = "";
			};
			name = Debug;
		};
		7D3F04BC2B45629200044D01 /* Release */ = {
			isa = XCBuildConfiguration;
			buildSettings = {
				ALWAYS_SEARCH_USER_PATHS = NO;
				ASSETCATALOG_COMPILER_GENERATE_SWIFT_ASSET_SYMBOL_EXTENSIONS = YES;
				CLANG_ANALYZER_NONNULL = YES;
				CLANG_ANALYZER_NUMBER_OBJECT_CONVERSION = YES_AGGRESSIVE;
				CLANG_CXX_LANGUAGE_STANDARD = "gnu++20";
				CLANG_ENABLE_MODULES = YES;
				CLANG_ENABLE_OBJC_ARC = YES;
				CLANG_ENABLE_OBJC_WEAK = YES;
				CLANG_WARN_BLOCK_CAPTURE_AUTORELEASING = YES;
				CLANG_WARN_BOOL_CONVERSION = YES;
				CLANG_WARN_COMMA = YES;
				CLANG_WARN_CONSTANT_CONVERSION = YES;
				CLANG_WARN_DEPRECATED_OBJC_IMPLEMENTATIONS = YES;
				CLANG_WARN_DIRECT_OBJC_ISA_USAGE = YES_ERROR;
				CLANG_WARN_DOCUMENTATION_COMMENTS = YES;
				CLANG_WARN_EMPTY_BODY = YES;
				CLANG_WARN_ENUM_CONVERSION = YES;
				CLANG_WARN_INFINITE_RECURSION = YES;
				CLANG_WARN_INT_CONVERSION = YES;
				CLANG_WARN_NON_LITERAL_NULL_CONVERSION = YES;
				CLANG_WARN_OBJC_IMPLICIT_RETAIN_SELF = YES;
				CLANG_WARN_OBJC_LITERAL_CONVERSION = YES;
				CLANG_WARN_OBJC_ROOT_CLASS = YES_ERROR;
				CLANG_WARN_QUOTED_INCLUDE_IN_FRAMEWORK_HEADER = YES;
				CLANG_WARN_RANGE_LOOP_ANALYSIS = YES;
				CLANG_WARN_STRICT_PROTOTYPES = YES;
				CLANG_WARN_SUSPICIOUS_MOVE = YES;
				CLANG_WARN_UNGUARDED_AVAILABILITY = YES_AGGRESSIVE;
				CLANG_WARN_UNREACHABLE_CODE = YES;
				CLANG_WARN__DUPLICATE_METHOD_MATCH = YES;
				COPY_PHASE_STRIP = NO;
				CURRENT_PROJECT_VERSION = 1;
				DEBUG_INFORMATION_FORMAT = "dwarf-with-dsym";
				ENABLE_NS_ASSERTIONS = NO;
				ENABLE_STRICT_OBJC_MSGSEND = YES;
				ENABLE_USER_SCRIPT_SANDBOXING = YES;
				GCC_C_LANGUAGE_STANDARD = gnu17;
				GCC_NO_COMMON_BLOCKS = YES;
				GCC_WARN_64_TO_32_BIT_CONVERSION = YES;
				GCC_WARN_ABOUT_RETURN_TYPE = YES_ERROR;
				GCC_WARN_UNDECLARED_SELECTOR = YES;
				GCC_WARN_UNINITIALIZED_AUTOS = YES_AGGRESSIVE;
				GCC_WARN_UNUSED_FUNCTION = YES;
				GCC_WARN_UNUSED_VARIABLE = YES;
				IPHONEOS_DEPLOYMENT_TARGET = 17.0;
				LOCALIZATION_PREFERS_STRING_CATALOGS = YES;
				MTL_ENABLE_DEBUG_INFO = NO;
				MTL_FAST_MATH = YES;
				SDKROOT = iphoneos;
				SWIFT_COMPILATION_MODE = wholemodule;
				VALIDATE_PRODUCT = YES;
				VERSIONING_SYSTEM = "apple-generic";
				VERSION_INFO_PREFIX = "";
			};
			name = Release;
		};
		7D3F04BE2B45629200044D01 /* Debug */ = {
			isa = XCBuildConfiguration;
			buildSettings = {
				CLANG_ENABLE_MODULES = YES;
				CODE_SIGN_STYLE = Automatic;
				CURRENT_PROJECT_VERSION = 1;
				DEFINES_MODULE = YES;
				DEVELOPMENT_TEAM = 34G99QRS57;
				DYLIB_COMPATIBILITY_VERSION = 1;
				DYLIB_CURRENT_VERSION = 1;
				DYLIB_INSTALL_NAME_BASE = "@rpath";
				ENABLE_MODULE_VERIFIER = YES;
				GENERATE_INFOPLIST_FILE = YES;
				INFOPLIST_KEY_NSHumanReadableCopyright = "";
				INSTALL_PATH = "$(LOCAL_LIBRARY_DIR)/Frameworks";
				LD_RUNPATH_SEARCH_PATHS = (
					"$(inherited)",
					"@executable_path/Frameworks",
					"@loader_path/Frameworks",
				);
				MARKETING_VERSION = 1.0;
				MODULE_VERIFIER_SUPPORTED_LANGUAGES = "objective-c objective-c++";
				MODULE_VERIFIER_SUPPORTED_LANGUAGE_STANDARDS = "gnu17 gnu++20";
				PRODUCT_BUNDLE_IDENTIFIER = com.engingulek.PaymentPageModule;
				PRODUCT_NAME = "$(TARGET_NAME:c99extidentifier)";
				SKIP_INSTALL = YES;
				SWIFT_EMIT_LOC_STRINGS = YES;
				SWIFT_OPTIMIZATION_LEVEL = "-Onone";
				SWIFT_VERSION = 5.0;
				TARGETED_DEVICE_FAMILY = "1,2";
			};
			name = Debug;
		};
		7D3F04BF2B45629200044D01 /* Release */ = {
			isa = XCBuildConfiguration;
			buildSettings = {
				CLANG_ENABLE_MODULES = YES;
				CODE_SIGN_STYLE = Automatic;
				CURRENT_PROJECT_VERSION = 1;
				DEFINES_MODULE = YES;
				DEVELOPMENT_TEAM = 34G99QRS57;
				DYLIB_COMPATIBILITY_VERSION = 1;
				DYLIB_CURRENT_VERSION = 1;
				DYLIB_INSTALL_NAME_BASE = "@rpath";
				ENABLE_MODULE_VERIFIER = YES;
				GENERATE_INFOPLIST_FILE = YES;
				INFOPLIST_KEY_NSHumanReadableCopyright = "";
				INSTALL_PATH = "$(LOCAL_LIBRARY_DIR)/Frameworks";
				LD_RUNPATH_SEARCH_PATHS = (
					"$(inherited)",
					"@executable_path/Frameworks",
					"@loader_path/Frameworks",
				);
				MARKETING_VERSION = 1.0;
				MODULE_VERIFIER_SUPPORTED_LANGUAGES = "objective-c objective-c++";
				MODULE_VERIFIER_SUPPORTED_LANGUAGE_STANDARDS = "gnu17 gnu++20";
				PRODUCT_BUNDLE_IDENTIFIER = com.engingulek.PaymentPageModule;
				PRODUCT_NAME = "$(TARGET_NAME:c99extidentifier)";
				SKIP_INSTALL = YES;
				SWIFT_EMIT_LOC_STRINGS = YES;
				SWIFT_VERSION = 5.0;
				TARGETED_DEVICE_FAMILY = "1,2";
			};
			name = Release;
		};
/* End XCBuildConfiguration section */

/* Begin XCConfigurationList section */
		7D3F04B02B45629200044D01 /* Build configuration list for PBXProject "PaymentPageModule" */ = {
			isa = XCConfigurationList;
			buildConfigurations = (
				7D3F04BB2B45629200044D01 /* Debug */,
				7D3F04BC2B45629200044D01 /* Release */,
			);
			defaultConfigurationIsVisible = 0;
			defaultConfigurationName = Release;
		};
		7D3F04BD2B45629200044D01 /* Build configuration list for PBXNativeTarget "PaymentPageModule" */ = {
			isa = XCConfigurationList;
			buildConfigurations = (
				7D3F04BE2B45629200044D01 /* Debug */,
				7D3F04BF2B45629200044D01 /* Release */,
			);
			defaultConfigurationIsVisible = 0;
			defaultConfigurationName = Release;
		};
/* End XCConfigurationList section */

/* Begin XCRemoteSwiftPackageReference section */
		7D3F04F22B4569B300044D01 /* XCRemoteSwiftPackageReference "SnapKit" */ = {
			isa = XCRemoteSwiftPackageReference;
			repositoryURL = "https://github.com/SnapKit/SnapKit.git";
			requirement = {
				kind = upToNextMajorVersion;
				minimumVersion = 5.7.0;
			};
		};
/* End XCRemoteSwiftPackageReference section */

/* Begin XCSwiftPackageProductDependency section */
		7D3F04F32B4569B300044D01 /* SnapKit */ = {
			isa = XCSwiftPackageProductDependency;
			package = 7D3F04F22B4569B300044D01 /* XCRemoteSwiftPackageReference "SnapKit" */;
			productName = SnapKit;
		};
		7D3F04F52B4569B300044D01 /* SnapKit-Dynamic */ = {
			isa = XCSwiftPackageProductDependency;
			package = 7D3F04F22B4569B300044D01 /* XCRemoteSwiftPackageReference "SnapKit" */;
			productName = "SnapKit-Dynamic";
		};
/* End XCSwiftPackageProductDependency section */
	};
	rootObject = 7D3F04AD2B45629200044D01 /* Project object */;
}
