// !$*UTF8*$!
{
	archiveVersion = 1;
	classes = {
	};
	objectVersion = 56;
	objects = {

/* Begin PBXBuildFile section */
		7D43728A2B4C0F000049DB05 /* SearchMovie.h in Headers */ = {isa = PBXBuildFile; fileRef = 7D4372892B4C0F000049DB05 /* SearchMovie.h */; settings = {ATTRIBUTES = (Public, ); }; };
		7D4372B32B4C0F5F0049DB05 /* SearchModuleInterface.swift in Sources */ = {isa = PBXBuildFile; fileRef = 7D4372B22B4C0F5F0049DB05 /* SearchModuleInterface.swift */; };
		7D4372B52B4C0F970049DB05 /* SearchViewController.swift in Sources */ = {isa = PBXBuildFile; fileRef = 7D4372B42B4C0F970049DB05 /* SearchViewController.swift */; };
		7D4372B82B4C0FCB0049DB05 /* DependenyKit.framework in Frameworks */ = {isa = PBXBuildFile; fileRef = 7D4372B72B4C0FCB0049DB05 /* DependenyKit.framework */; };
		7D4372B92B4C0FCB0049DB05 /* DependenyKit.framework in Embed Frameworks */ = {isa = PBXBuildFile; fileRef = 7D4372B72B4C0FCB0049DB05 /* DependenyKit.framework */; settings = {ATTRIBUTES = (CodeSignOnCopy, RemoveHeadersOnCopy, ); }; };
		7D4372BC2B4C0FD10049DB05 /* ViewControllerAbleKit.framework in Frameworks */ = {isa = PBXBuildFile; fileRef = 7D4372BB2B4C0FD10049DB05 /* ViewControllerAbleKit.framework */; };
		7D4372BD2B4C0FD10049DB05 /* ViewControllerAbleKit.framework in Embed Frameworks */ = {isa = PBXBuildFile; fileRef = 7D4372BB2B4C0FD10049DB05 /* ViewControllerAbleKit.framework */; settings = {ATTRIBUTES = (CodeSignOnCopy, RemoveHeadersOnCopy, ); }; };
		7D4372BF2B4C0FD70049DB05 /* ThemeKit.framework in Frameworks */ = {isa = PBXBuildFile; fileRef = 7D4372BE2B4C0FD70049DB05 /* ThemeKit.framework */; };
		7D4372C02B4C0FD70049DB05 /* ThemeKit.framework in Embed Frameworks */ = {isa = PBXBuildFile; fileRef = 7D4372BE2B4C0FD70049DB05 /* ThemeKit.framework */; settings = {ATTRIBUTES = (CodeSignOnCopy, RemoveHeadersOnCopy, ); }; };
		7D4372C22B4C0FEA0049DB05 /* CommenUIKit.framework in Frameworks */ = {isa = PBXBuildFile; fileRef = 7D4372C12B4C0FEA0049DB05 /* CommenUIKit.framework */; };
		7D4372C32B4C0FEA0049DB05 /* CommenUIKit.framework in Embed Frameworks */ = {isa = PBXBuildFile; fileRef = 7D4372C12B4C0FEA0049DB05 /* CommenUIKit.framework */; settings = {ATTRIBUTES = (CodeSignOnCopy, RemoveHeadersOnCopy, ); }; };
		7D4372C62B4C102B0049DB05 /* SnapKit in Frameworks */ = {isa = PBXBuildFile; productRef = 7D4372C52B4C102B0049DB05 /* SnapKit */; };
		7D4372C82B4C102C0049DB05 /* SnapKit-Dynamic in Frameworks */ = {isa = PBXBuildFile; productRef = 7D4372C72B4C102C0049DB05 /* SnapKit-Dynamic */; };
		7D4372CA2B4C108B0049DB05 /* SearchMovieRouter.swift in Sources */ = {isa = PBXBuildFile; fileRef = 7D4372C92B4C108B0049DB05 /* SearchMovieRouter.swift */; };
		7D4372D72B4C129B0049DB05 /* SearchMoviePresenter.swift in Sources */ = {isa = PBXBuildFile; fileRef = 7D4372D62B4C129B0049DB05 /* SearchMoviePresenter.swift */; };
		7D4372D92B4C140B0049DB05 /* SearchMovieView.swift in Sources */ = {isa = PBXBuildFile; fileRef = 7D4372D82B4C140B0049DB05 /* SearchMovieView.swift */; };
		7D4372DD2B4C17DD0049DB05 /* SearchMovieTVC.swift in Sources */ = {isa = PBXBuildFile; fileRef = 7D4372DC2B4C17DD0049DB05 /* SearchMovieTVC.swift */; };
		7D4372E02B4C18550049DB05 /* Assets.xcassets in Resources */ = {isa = PBXBuildFile; fileRef = 7D4372DF2B4C18550049DB05 /* Assets.xcassets */; };
		7DE8C0FE2B51A091004ED253 /* SearchViewInteractor.swift in Sources */ = {isa = PBXBuildFile; fileRef = 7DE8C0FD2B51A091004ED253 /* SearchViewInteractor.swift */; };
		7DE8C1002B51A356004ED253 /* NetworkKit.framework in Frameworks */ = {isa = PBXBuildFile; fileRef = 7DE8C0FF2B51A356004ED253 /* NetworkKit.framework */; };
		7DE8C1012B51A356004ED253 /* NetworkKit.framework in Embed Frameworks */ = {isa = PBXBuildFile; fileRef = 7DE8C0FF2B51A356004ED253 /* NetworkKit.framework */; settings = {ATTRIBUTES = (CodeSignOnCopy, RemoveHeadersOnCopy, ); }; };
		7DE8C1032B51A6A6004ED253 /* ModelKit.framework in Frameworks */ = {isa = PBXBuildFile; fileRef = 7DE8C1022B51A6A6004ED253 /* ModelKit.framework */; };
		7DE8C1042B51A6A6004ED253 /* ModelKit.framework in Embed Frameworks */ = {isa = PBXBuildFile; fileRef = 7DE8C1022B51A6A6004ED253 /* ModelKit.framework */; settings = {ATTRIBUTES = (CodeSignOnCopy, RemoveHeadersOnCopy, ); }; };
		7DE8C1072B51B729004ED253 /* Kingfisher in Frameworks */ = {isa = PBXBuildFile; productRef = 7DE8C1062B51B729004ED253 /* Kingfisher */; };
/* End PBXBuildFile section */

/* Begin PBXCopyFilesBuildPhase section */
		7D4372BA2B4C0FCC0049DB05 /* Embed Frameworks */ = {
			isa = PBXCopyFilesBuildPhase;
			buildActionMask = 2147483647;
			dstPath = "";
			dstSubfolderSpec = 10;
			files = (
				7DE8C1012B51A356004ED253 /* NetworkKit.framework in Embed Frameworks */,
				7D4372C02B4C0FD70049DB05 /* ThemeKit.framework in Embed Frameworks */,
				7D4372BD2B4C0FD10049DB05 /* ViewControllerAbleKit.framework in Embed Frameworks */,
				7D4372C32B4C0FEA0049DB05 /* CommenUIKit.framework in Embed Frameworks */,
				7D4372B92B4C0FCB0049DB05 /* DependenyKit.framework in Embed Frameworks */,
				7DE8C1042B51A6A6004ED253 /* ModelKit.framework in Embed Frameworks */,
			);
			name = "Embed Frameworks";
			runOnlyForDeploymentPostprocessing = 0;
		};
/* End PBXCopyFilesBuildPhase section */

/* Begin PBXFileReference section */
		7D4372862B4C0F000049DB05 /* SearchMovie.framework */ = {isa = PBXFileReference; explicitFileType = wrapper.framework; includeInIndex = 0; path = SearchMovie.framework; sourceTree = BUILT_PRODUCTS_DIR; };
		7D4372892B4C0F000049DB05 /* SearchMovie.h */ = {isa = PBXFileReference; lastKnownFileType = sourcecode.c.h; path = SearchMovie.h; sourceTree = "<group>"; };
		7D4372B22B4C0F5F0049DB05 /* SearchModuleInterface.swift */ = {isa = PBXFileReference; lastKnownFileType = sourcecode.swift; path = SearchModuleInterface.swift; sourceTree = "<group>"; };
		7D4372B42B4C0F970049DB05 /* SearchViewController.swift */ = {isa = PBXFileReference; lastKnownFileType = sourcecode.swift; path = SearchViewController.swift; sourceTree = "<group>"; };
		7D4372B72B4C0FCB0049DB05 /* DependenyKit.framework */ = {isa = PBXFileReference; explicitFileType = wrapper.framework; path = DependenyKit.framework; sourceTree = BUILT_PRODUCTS_DIR; };
		7D4372BB2B4C0FD10049DB05 /* ViewControllerAbleKit.framework */ = {isa = PBXFileReference; explicitFileType = wrapper.framework; path = ViewControllerAbleKit.framework; sourceTree = BUILT_PRODUCTS_DIR; };
		7D4372BE2B4C0FD70049DB05 /* ThemeKit.framework */ = {isa = PBXFileReference; explicitFileType = wrapper.framework; path = ThemeKit.framework; sourceTree = BUILT_PRODUCTS_DIR; };
		7D4372C12B4C0FEA0049DB05 /* CommenUIKit.framework */ = {isa = PBXFileReference; explicitFileType = wrapper.framework; path = CommenUIKit.framework; sourceTree = BUILT_PRODUCTS_DIR; };
		7D4372C92B4C108B0049DB05 /* SearchMovieRouter.swift */ = {isa = PBXFileReference; lastKnownFileType = sourcecode.swift; path = SearchMovieRouter.swift; sourceTree = "<group>"; };
		7D4372D62B4C129B0049DB05 /* SearchMoviePresenter.swift */ = {isa = PBXFileReference; lastKnownFileType = sourcecode.swift; path = SearchMoviePresenter.swift; sourceTree = "<group>"; };
		7D4372D82B4C140B0049DB05 /* SearchMovieView.swift */ = {isa = PBXFileReference; lastKnownFileType = sourcecode.swift; path = SearchMovieView.swift; sourceTree = "<group>"; };
		7D4372DC2B4C17DD0049DB05 /* SearchMovieTVC.swift */ = {isa = PBXFileReference; lastKnownFileType = sourcecode.swift; path = SearchMovieTVC.swift; sourceTree = "<group>"; };
		7D4372DF2B4C18550049DB05 /* Assets.xcassets */ = {isa = PBXFileReference; lastKnownFileType = folder.assetcatalog; path = Assets.xcassets; sourceTree = "<group>"; };
		7DE8C0FD2B51A091004ED253 /* SearchViewInteractor.swift */ = {isa = PBXFileReference; lastKnownFileType = sourcecode.swift; path = SearchViewInteractor.swift; sourceTree = "<group>"; };
		7DE8C0FF2B51A356004ED253 /* NetworkKit.framework */ = {isa = PBXFileReference; explicitFileType = wrapper.framework; path = NetworkKit.framework; sourceTree = BUILT_PRODUCTS_DIR; };
		7DE8C1022B51A6A6004ED253 /* ModelKit.framework */ = {isa = PBXFileReference; explicitFileType = wrapper.framework; path = ModelKit.framework; sourceTree = BUILT_PRODUCTS_DIR; };
/* End PBXFileReference section */

/* Begin PBXFrameworksBuildPhase section */
		7D4372832B4C0F000049DB05 /* Frameworks */ = {
			isa = PBXFrameworksBuildPhase;
			buildActionMask = 2147483647;
			files = (
				7D4372BF2B4C0FD70049DB05 /* ThemeKit.framework in Frameworks */,
				7D4372BC2B4C0FD10049DB05 /* ViewControllerAbleKit.framework in Frameworks */,
				7D4372C22B4C0FEA0049DB05 /* CommenUIKit.framework in Frameworks */,
				7DE8C1072B51B729004ED253 /* Kingfisher in Frameworks */,
				7D4372B82B4C0FCB0049DB05 /* DependenyKit.framework in Frameworks */,
				7D4372C62B4C102B0049DB05 /* SnapKit in Frameworks */,
				7D4372C82B4C102C0049DB05 /* SnapKit-Dynamic in Frameworks */,
				7DE8C1002B51A356004ED253 /* NetworkKit.framework in Frameworks */,
				7DE8C1032B51A6A6004ED253 /* ModelKit.framework in Frameworks */,
			);
			runOnlyForDeploymentPostprocessing = 0;
		};
/* End PBXFrameworksBuildPhase section */

/* Begin PBXGroup section */
		7D43727C2B4C0F000049DB05 = {
			isa = PBXGroup;
			children = (
				7D4372882B4C0F000049DB05 /* SearchMovie */,
				7D4372872B4C0F000049DB05 /* Products */,
				7D4372B62B4C0FCB0049DB05 /* Frameworks */,
			);
			sourceTree = "<group>";
		};
		7D4372872B4C0F000049DB05 /* Products */ = {
			isa = PBXGroup;
			children = (
				7D4372862B4C0F000049DB05 /* SearchMovie.framework */,
			);
			name = Products;
			sourceTree = "<group>";
		};
		7D4372882B4C0F000049DB05 /* SearchMovie */ = {
			isa = PBXGroup;
			children = (
				7D4372B12B4C0F400049DB05 /* InterfaceSource */,
				7D4372B02B4C0F390049DB05 /* Source */,
				7D4372892B4C0F000049DB05 /* SearchMovie.h */,
			);
			path = SearchMovie;
			sourceTree = "<group>";
		};
		7D4372B02B4C0F390049DB05 /* Source */ = {
			isa = PBXGroup;
			children = (
				7D4372B42B4C0F970049DB05 /* SearchViewController.swift */,
				7D4372C92B4C108B0049DB05 /* SearchMovieRouter.swift */,
				7D4372D62B4C129B0049DB05 /* SearchMoviePresenter.swift */,
				7D4372D82B4C140B0049DB05 /* SearchMovieView.swift */,
				7D4372DC2B4C17DD0049DB05 /* SearchMovieTVC.swift */,
				7D4372DF2B4C18550049DB05 /* Assets.xcassets */,
				7DE8C0FD2B51A091004ED253 /* SearchViewInteractor.swift */,
			);
			path = Source;
			sourceTree = "<group>";
		};
		7D4372B12B4C0F400049DB05 /* InterfaceSource */ = {
			isa = PBXGroup;
			children = (
				7D4372B22B4C0F5F0049DB05 /* SearchModuleInterface.swift */,
			);
			path = InterfaceSource;
			sourceTree = "<group>";
		};
		7D4372B62B4C0FCB0049DB05 /* Frameworks */ = {
			isa = PBXGroup;
			children = (
				7DE8C1022B51A6A6004ED253 /* ModelKit.framework */,
				7DE8C0FF2B51A356004ED253 /* NetworkKit.framework */,
				7D4372C12B4C0FEA0049DB05 /* CommenUIKit.framework */,
				7D4372BE2B4C0FD70049DB05 /* ThemeKit.framework */,
				7D4372BB2B4C0FD10049DB05 /* ViewControllerAbleKit.framework */,
				7D4372B72B4C0FCB0049DB05 /* DependenyKit.framework */,
			);
			name = Frameworks;
			sourceTree = "<group>";
		};
/* End PBXGroup section */

/* Begin PBXHeadersBuildPhase section */
		7D4372812B4C0F000049DB05 /* Headers */ = {
			isa = PBXHeadersBuildPhase;
			buildActionMask = 2147483647;
			files = (
				7D43728A2B4C0F000049DB05 /* SearchMovie.h in Headers */,
			);
			runOnlyForDeploymentPostprocessing = 0;
		};
/* End PBXHeadersBuildPhase section */

/* Begin PBXNativeTarget section */
		7D4372852B4C0F000049DB05 /* SearchMovie */ = {
			isa = PBXNativeTarget;
			buildConfigurationList = 7D43728D2B4C0F000049DB05 /* Build configuration list for PBXNativeTarget "SearchMovie" */;
			buildPhases = (
				7D4372812B4C0F000049DB05 /* Headers */,
				7D4372822B4C0F000049DB05 /* Sources */,
				7D4372832B4C0F000049DB05 /* Frameworks */,
				7D4372842B4C0F000049DB05 /* Resources */,
				7D4372BA2B4C0FCC0049DB05 /* Embed Frameworks */,
			);
			buildRules = (
			);
			dependencies = (
			);
			name = SearchMovie;
			packageProductDependencies = (
				7D4372C52B4C102B0049DB05 /* SnapKit */,
				7D4372C72B4C102C0049DB05 /* SnapKit-Dynamic */,
				7DE8C1062B51B729004ED253 /* Kingfisher */,
			);
			productName = SearchMovie;
			productReference = 7D4372862B4C0F000049DB05 /* SearchMovie.framework */;
			productType = "com.apple.product-type.framework";
		};
/* End PBXNativeTarget section */

/* Begin PBXProject section */
		7D43727D2B4C0F000049DB05 /* Project object */ = {
			isa = PBXProject;
			attributes = {
				BuildIndependentTargetsInParallel = 1;
				LastUpgradeCheck = 1500;
				TargetAttributes = {
					7D4372852B4C0F000049DB05 = {
						CreatedOnToolsVersion = 15.0;
						LastSwiftMigration = 1500;
					};
				};
			};
			buildConfigurationList = 7D4372802B4C0F000049DB05 /* Build configuration list for PBXProject "SearchMovie" */;
			compatibilityVersion = "Xcode 14.0";
			developmentRegion = en;
			hasScannedForEncodings = 0;
			knownRegions = (
				en,
				Base,
			);
			mainGroup = 7D43727C2B4C0F000049DB05;
			packageReferences = (
				7D4372C42B4C102B0049DB05 /* XCRemoteSwiftPackageReference "SnapKit" */,
				7DE8C1052B51B729004ED253 /* XCRemoteSwiftPackageReference "Kingfisher" */,
			);
			productRefGroup = 7D4372872B4C0F000049DB05 /* Products */;
			projectDirPath = "";
			projectRoot = "";
			targets = (
				7D4372852B4C0F000049DB05 /* SearchMovie */,
			);
		};
/* End PBXProject section */

/* Begin PBXResourcesBuildPhase section */
		7D4372842B4C0F000049DB05 /* Resources */ = {
			isa = PBXResourcesBuildPhase;
			buildActionMask = 2147483647;
			files = (
				7D4372E02B4C18550049DB05 /* Assets.xcassets in Resources */,
			);
			runOnlyForDeploymentPostprocessing = 0;
		};
/* End PBXResourcesBuildPhase section */

/* Begin PBXSourcesBuildPhase section */
		7D4372822B4C0F000049DB05 /* Sources */ = {
			isa = PBXSourcesBuildPhase;
			buildActionMask = 2147483647;
			files = (
				7D4372B52B4C0F970049DB05 /* SearchViewController.swift in Sources */,
				7D4372CA2B4C108B0049DB05 /* SearchMovieRouter.swift in Sources */,
				7D4372DD2B4C17DD0049DB05 /* SearchMovieTVC.swift in Sources */,
				7D4372B32B4C0F5F0049DB05 /* SearchModuleInterface.swift in Sources */,
				7D4372D92B4C140B0049DB05 /* SearchMovieView.swift in Sources */,
				7D4372D72B4C129B0049DB05 /* SearchMoviePresenter.swift in Sources */,
				7DE8C0FE2B51A091004ED253 /* SearchViewInteractor.swift in Sources */,
			);
			runOnlyForDeploymentPostprocessing = 0;
		};
/* End PBXSourcesBuildPhase section */

/* Begin XCBuildConfiguration section */
		7D43728B2B4C0F000049DB05 /* Debug */ = {
			isa = XCBuildConfiguration;
			buildSettings = {
				ALWAYS_SEARCH_USER_PATHS = NO;
				ASSETCATALOG_COMPILER_GENERATE_SWIFT_ASSET_SYMBOL_EXTENSIONS = YES;
				CLANG_ANALYZER_NONNULL = YES;
				CLANG_ANALYZER_NUMBER_OBJECT_CONVERSION = YES_AGGRESSIVE;
				CLANG_CXX_LANGUAGE_STANDARD = "gnu++20";
				CLANG_ENABLE_MODULES = YES;
				CLANG_ENABLE_OBJC_ARC = YES;
				CLANG_ENABLE_OBJC_WEAK = YES;
				CLANG_WARN_BLOCK_CAPTURE_AUTORELEASING = YES;
				CLANG_WARN_BOOL_CONVERSION = YES;
				CLANG_WARN_COMMA = YES;
				CLANG_WARN_CONSTANT_CONVERSION = YES;
				CLANG_WARN_DEPRECATED_OBJC_IMPLEMENTATIONS = YES;
				CLANG_WARN_DIRECT_OBJC_ISA_USAGE = YES_ERROR;
				CLANG_WARN_DOCUMENTATION_COMMENTS = YES;
				CLANG_WARN_EMPTY_BODY = YES;
				CLANG_WARN_ENUM_CONVERSION = YES;
				CLANG_WARN_INFINITE_RECURSION = YES;
				CLANG_WARN_INT_CONVERSION = YES;
				CLANG_WARN_NON_LITERAL_NULL_CONVERSION = YES;
				CLANG_WARN_OBJC_IMPLICIT_RETAIN_SELF = YES;
				CLANG_WARN_OBJC_LITERAL_CONVERSION = YES;
				CLANG_WARN_OBJC_ROOT_CLASS = YES_ERROR;
				CLANG_WARN_QUOTED_INCLUDE_IN_FRAMEWORK_HEADER = YES;
				CLANG_WARN_RANGE_LOOP_ANALYSIS = YES;
				CLANG_WARN_STRICT_PROTOTYPES = YES;
				CLANG_WARN_SUSPICIOUS_MOVE = YES;
				CLANG_WARN_UNGUARDED_AVAILABILITY = YES_AGGRESSIVE;
				CLANG_WARN_UNREACHABLE_CODE = YES;
				CLANG_WARN__DUPLICATE_METHOD_MATCH = YES;
				COPY_PHASE_STRIP = NO;
				CURRENT_PROJECT_VERSION = 1;
				DEBUG_INFORMATION_FORMAT = dwarf;
				ENABLE_STRICT_OBJC_MSGSEND = YES;
				ENABLE_TESTABILITY = YES;
				ENABLE_USER_SCRIPT_SANDBOXING = YES;
				GCC_C_LANGUAGE_STANDARD = gnu17;
				GCC_DYNAMIC_NO_PIC = NO;
				GCC_NO_COMMON_BLOCKS = YES;
				GCC_OPTIMIZATION_LEVEL = 0;
				GCC_PREPROCESSOR_DEFINITIONS = (
					"DEBUG=1",
					"$(inherited)",
				);
				GCC_WARN_64_TO_32_BIT_CONVERSION = YES;
				GCC_WARN_ABOUT_RETURN_TYPE = YES_ERROR;
				GCC_WARN_UNDECLARED_SELECTOR = YES;
				GCC_WARN_UNINITIALIZED_AUTOS = YES_AGGRESSIVE;
				GCC_WARN_UNUSED_FUNCTION = YES;
				GCC_WARN_UNUSED_VARIABLE = YES;
				IPHONEOS_DEPLOYMENT_TARGET = 17.0;
				LOCALIZATION_PREFERS_STRING_CATALOGS = YES;
				MTL_ENABLE_DEBUG_INFO = INCLUDE_SOURCE;
				MTL_FAST_MATH = YES;
				ONLY_ACTIVE_ARCH = YES;
				SDKROOT = iphoneos;
				SWIFT_ACTIVE_COMPILATION_CONDITIONS = "DEBUG $(inherited)";
				SWIFT_OPTIMIZATION_LEVEL = "-Onone";
				VERSIONING_SYSTEM = "apple-generic";
				VERSION_INFO_PREFIX = "";
			};
			name = Debug;
		};
		7D43728C2B4C0F000049DB05 /* Release */ = {
			isa = XCBuildConfiguration;
			buildSettings = {
				ALWAYS_SEARCH_USER_PATHS = NO;
				ASSETCATALOG_COMPILER_GENERATE_SWIFT_ASSET_SYMBOL_EXTENSIONS = YES;
				CLANG_ANALYZER_NONNULL = YES;
				CLANG_ANALYZER_NUMBER_OBJECT_CONVERSION = YES_AGGRESSIVE;
				CLANG_CXX_LANGUAGE_STANDARD = "gnu++20";
				CLANG_ENABLE_MODULES = YES;
				CLANG_ENABLE_OBJC_ARC = YES;
				CLANG_ENABLE_OBJC_WEAK = YES;
				CLANG_WARN_BLOCK_CAPTURE_AUTORELEASING = YES;
				CLANG_WARN_BOOL_CONVERSION = YES;
				CLANG_WARN_COMMA = YES;
				CLANG_WARN_CONSTANT_CONVERSION = YES;
				CLANG_WARN_DEPRECATED_OBJC_IMPLEMENTATIONS = YES;
				CLANG_WARN_DIRECT_OBJC_ISA_USAGE = YES_ERROR;
				CLANG_WARN_DOCUMENTATION_COMMENTS = YES;
				CLANG_WARN_EMPTY_BODY = YES;
				CLANG_WARN_ENUM_CONVERSION = YES;
				CLANG_WARN_INFINITE_RECURSION = YES;
				CLANG_WARN_INT_CONVERSION = YES;
				CLANG_WARN_NON_LITERAL_NULL_CONVERSION = YES;
				CLANG_WARN_OBJC_IMPLICIT_RETAIN_SELF = YES;
				CLANG_WARN_OBJC_LITERAL_CONVERSION = YES;
				CLANG_WARN_OBJC_ROOT_CLASS = YES_ERROR;
				CLANG_WARN_QUOTED_INCLUDE_IN_FRAMEWORK_HEADER = YES;
				CLANG_WARN_RANGE_LOOP_ANALYSIS = YES;
				CLANG_WARN_STRICT_PROTOTYPES = YES;
				CLANG_WARN_SUSPICIOUS_MOVE = YES;
				CLANG_WARN_UNGUARDED_AVAILABILITY = YES_AGGRESSIVE;
				CLANG_WARN_UNREACHABLE_CODE = YES;
				CLANG_WARN__DUPLICATE_METHOD_MATCH = YES;
				COPY_PHASE_STRIP = NO;
				CURRENT_PROJECT_VERSION = 1;
				DEBUG_INFORMATION_FORMAT = "dwarf-with-dsym";
				ENABLE_NS_ASSERTIONS = NO;
				ENABLE_STRICT_OBJC_MSGSEND = YES;
				ENABLE_USER_SCRIPT_SANDBOXING = YES;
				GCC_C_LANGUAGE_STANDARD = gnu17;
				GCC_NO_COMMON_BLOCKS = YES;
				GCC_WARN_64_TO_32_BIT_CONVERSION = YES;
				GCC_WARN_ABOUT_RETURN_TYPE = YES_ERROR;
				GCC_WARN_UNDECLARED_SELECTOR = YES;
				GCC_WARN_UNINITIALIZED_AUTOS = YES_AGGRESSIVE;
				GCC_WARN_UNUSED_FUNCTION = YES;
				GCC_WARN_UNUSED_VARIABLE = YES;
				IPHONEOS_DEPLOYMENT_TARGET = 17.0;
				LOCALIZATION_PREFERS_STRING_CATALOGS = YES;
				MTL_ENABLE_DEBUG_INFO = NO;
				MTL_FAST_MATH = YES;
				SDKROOT = iphoneos;
				SWIFT_COMPILATION_MODE = wholemodule;
				VALIDATE_PRODUCT = YES;
				VERSIONING_SYSTEM = "apple-generic";
				VERSION_INFO_PREFIX = "";
			};
			name = Release;
		};
		7D43728E2B4C0F000049DB05 /* Debug */ = {
			isa = XCBuildConfiguration;
			buildSettings = {
				CLANG_ENABLE_MODULES = YES;
				CODE_SIGN_STYLE = Automatic;
				CURRENT_PROJECT_VERSION = 1;
				DEFINES_MODULE = YES;
				DEVELOPMENT_TEAM = 34G99QRS57;
				DYLIB_COMPATIBILITY_VERSION = 1;
				DYLIB_CURRENT_VERSION = 1;
				DYLIB_INSTALL_NAME_BASE = "@rpath";
				ENABLE_MODULE_VERIFIER = YES;
				GENERATE_INFOPLIST_FILE = YES;
				INFOPLIST_KEY_NSHumanReadableCopyright = "";
				INSTALL_PATH = "$(LOCAL_LIBRARY_DIR)/Frameworks";
				LD_RUNPATH_SEARCH_PATHS = (
					"$(inherited)",
					"@executable_path/Frameworks",
					"@loader_path/Frameworks",
				);
				MARKETING_VERSION = 1.0;
				MODULE_VERIFIER_SUPPORTED_LANGUAGES = "objective-c objective-c++";
				MODULE_VERIFIER_SUPPORTED_LANGUAGE_STANDARDS = "gnu17 gnu++20";
				PRODUCT_BUNDLE_IDENTIFIER = com.engingulek.SearchMovie;
				PRODUCT_NAME = "$(TARGET_NAME:c99extidentifier)";
				SKIP_INSTALL = YES;
				SWIFT_EMIT_LOC_STRINGS = YES;
				SWIFT_OPTIMIZATION_LEVEL = "-Onone";
				SWIFT_VERSION = 5.0;
				TARGETED_DEVICE_FAMILY = "1,2";
			};
			name = Debug;
		};
		7D43728F2B4C0F000049DB05 /* Release */ = {
			isa = XCBuildConfiguration;
			buildSettings = {
				CLANG_ENABLE_MODULES = YES;
				CODE_SIGN_STYLE = Automatic;
				CURRENT_PROJECT_VERSION = 1;
				DEFINES_MODULE = YES;
				DEVELOPMENT_TEAM = 34G99QRS57;
				DYLIB_COMPATIBILITY_VERSION = 1;
				DYLIB_CURRENT_VERSION = 1;
				DYLIB_INSTALL_NAME_BASE = "@rpath";
				ENABLE_MODULE_VERIFIER = YES;
				GENERATE_INFOPLIST_FILE = YES;
				INFOPLIST_KEY_NSHumanReadableCopyright = "";
				INSTALL_PATH = "$(LOCAL_LIBRARY_DIR)/Frameworks";
				LD_RUNPATH_SEARCH_PATHS = (
					"$(inherited)",
					"@executable_path/Frameworks",
					"@loader_path/Frameworks",
				);
				MARKETING_VERSION = 1.0;
				MODULE_VERIFIER_SUPPORTED_LANGUAGES = "objective-c objective-c++";
				MODULE_VERIFIER_SUPPORTED_LANGUAGE_STANDARDS = "gnu17 gnu++20";
				PRODUCT_BUNDLE_IDENTIFIER = com.engingulek.SearchMovie;
				PRODUCT_NAME = "$(TARGET_NAME:c99extidentifier)";
				SKIP_INSTALL = YES;
				SWIFT_EMIT_LOC_STRINGS = YES;
				SWIFT_VERSION = 5.0;
				TARGETED_DEVICE_FAMILY = "1,2";
			};
			name = Release;
		};
/* End XCBuildConfiguration section */

/* Begin XCConfigurationList section */
		7D4372802B4C0F000049DB05 /* Build configuration list for PBXProject "SearchMovie" */ = {
			isa = XCConfigurationList;
			buildConfigurations = (
				7D43728B2B4C0F000049DB05 /* Debug */,
				7D43728C2B4C0F000049DB05 /* Release */,
			);
			defaultConfigurationIsVisible = 0;
			defaultConfigurationName = Release;
		};
		7D43728D2B4C0F000049DB05 /* Build configuration list for PBXNativeTarget "SearchMovie" */ = {
			isa = XCConfigurationList;
			buildConfigurations = (
				7D43728E2B4C0F000049DB05 /* Debug */,
				7D43728F2B4C0F000049DB05 /* Release */,
			);
			defaultConfigurationIsVisible = 0;
			defaultConfigurationName = Release;
		};
/* End XCConfigurationList section */

/* Begin XCRemoteSwiftPackageReference section */
		7D4372C42B4C102B0049DB05 /* XCRemoteSwiftPackageReference "SnapKit" */ = {
			isa = XCRemoteSwiftPackageReference;
			repositoryURL = "https://github.com/SnapKit/SnapKit.git";
			requirement = {
				kind = upToNextMajorVersion;
				minimumVersion = 5.7.0;
			};
		};
		7DE8C1052B51B729004ED253 /* XCRemoteSwiftPackageReference "Kingfisher" */ = {
			isa = XCRemoteSwiftPackageReference;
			repositoryURL = "https://github.com/onevcat/Kingfisher.git";
			requirement = {
				kind = upToNextMajorVersion;
				minimumVersion = 7.10.2;
			};
		};
/* End XCRemoteSwiftPackageReference section */

/* Begin XCSwiftPackageProductDependency section */
		7D4372C52B4C102B0049DB05 /* SnapKit */ = {
			isa = XCSwiftPackageProductDependency;
			package = 7D4372C42B4C102B0049DB05 /* XCRemoteSwiftPackageReference "SnapKit" */;
			productName = SnapKit;
		};
		7D4372C72B4C102C0049DB05 /* SnapKit-Dynamic */ = {
			isa = XCSwiftPackageProductDependency;
			package = 7D4372C42B4C102B0049DB05 /* XCRemoteSwiftPackageReference "SnapKit" */;
			productName = "SnapKit-Dynamic";
		};
		7DE8C1062B51B729004ED253 /* Kingfisher */ = {
			isa = XCSwiftPackageProductDependency;
			package = 7DE8C1052B51B729004ED253 /* XCRemoteSwiftPackageReference "Kingfisher" */;
			productName = Kingfisher;
		};
/* End XCSwiftPackageProductDependency section */
	};
	rootObject = 7D43727D2B4C0F000049DB05 /* Project object */;
}
