// !$*UTF8*$!
{
	archiveVersion = 1;
	classes = {
	};
	objectVersion = 56;
	objects = {

/* Begin PBXBuildFile section */
		7D2F44602B3B53A200B4C31D /* AppDelegate.swift in Sources */ = {isa = PBXBuildFile; fileRef = 7D2F445F2B3B53A200B4C31D /* AppDelegate.swift */; };
		7D2F44622B3B53A200B4C31D /* SceneDelegate.swift in Sources */ = {isa = PBXBuildFile; fileRef = 7D2F44612B3B53A200B4C31D /* SceneDelegate.swift */; };
		7D2F44692B3B53A500B4C31D /* Assets.xcassets in Resources */ = {isa = PBXBuildFile; fileRef = 7D2F44682B3B53A500B4C31D /* Assets.xcassets */; };
		7D2F446C2B3B53A500B4C31D /* LaunchScreen.storyboard in Resources */ = {isa = PBXBuildFile; fileRef = 7D2F446A2B3B53A500B4C31D /* LaunchScreen.storyboard */; };
		7D2F44AA2B3B587100B4C31D /* DependenyKit.framework in Frameworks */ = {isa = PBXBuildFile; fileRef = 7D2F44A92B3B587100B4C31D /* DependenyKit.framework */; };
		7D2F44AB2B3B587100B4C31D /* DependenyKit.framework in Embed Frameworks */ = {isa = PBXBuildFile; fileRef = 7D2F44A92B3B587100B4C31D /* DependenyKit.framework */; settings = {ATTRIBUTES = (CodeSignOnCopy, RemoveHeadersOnCopy, ); }; };
		7D2F44AE2B3B588600B4C31D /* HomeModule.framework in Frameworks */ = {isa = PBXBuildFile; fileRef = 7D2F44AD2B3B588600B4C31D /* HomeModule.framework */; };
		7D2F44AF2B3B588600B4C31D /* HomeModule.framework in Embed Frameworks */ = {isa = PBXBuildFile; fileRef = 7D2F44AD2B3B588600B4C31D /* HomeModule.framework */; settings = {ATTRIBUTES = (CodeSignOnCopy, RemoveHeadersOnCopy, ); }; };
		7D2F44B12B3B58E600B4C31D /* DependencyRegister.swift in Sources */ = {isa = PBXBuildFile; fileRef = 7D2F44B02B3B58E600B4C31D /* DependencyRegister.swift */; };
		7D3F05092B459E0700044D01 /* PaymentPageModule.framework in Frameworks */ = {isa = PBXBuildFile; fileRef = 7D3F05082B459E0700044D01 /* PaymentPageModule.framework */; };
		7D3F050A2B459E0700044D01 /* PaymentPageModule.framework in Embed Frameworks */ = {isa = PBXBuildFile; fileRef = 7D3F05082B459E0700044D01 /* PaymentPageModule.framework */; settings = {ATTRIBUTES = (CodeSignOnCopy, RemoveHeadersOnCopy, ); }; };
		7D4372D42B4C11DA0049DB05 /* SearchMovie.framework in Frameworks */ = {isa = PBXBuildFile; fileRef = 7D4372D32B4C11DA0049DB05 /* SearchMovie.framework */; };
		7D4372D52B4C11DA0049DB05 /* SearchMovie.framework in Embed Frameworks */ = {isa = PBXBuildFile; fileRef = 7D4372D32B4C11DA0049DB05 /* SearchMovie.framework */; settings = {ATTRIBUTES = (CodeSignOnCopy, RemoveHeadersOnCopy, ); }; };
		7D4E7F452B4035A700A7196B /* HallsAndSessionsModule.framework in Frameworks */ = {isa = PBXBuildFile; fileRef = 7D4E7F442B4035A700A7196B /* HallsAndSessionsModule.framework */; };
		7D4E7F462B4035A700A7196B /* HallsAndSessionsModule.framework in Embed Frameworks */ = {isa = PBXBuildFile; fileRef = 7D4E7F442B4035A700A7196B /* HallsAndSessionsModule.framework */; settings = {ATTRIBUTES = (CodeSignOnCopy, RemoveHeadersOnCopy, ); }; };
		7D51329C2B4347CA00D6AD70 /* ChooseSeatModule.framework in Frameworks */ = {isa = PBXBuildFile; fileRef = 7D51329B2B4347CA00D6AD70 /* ChooseSeatModule.framework */; };
		7D51329D2B4347CA00D6AD70 /* ChooseSeatModule.framework in Embed Frameworks */ = {isa = PBXBuildFile; fileRef = 7D51329B2B4347CA00D6AD70 /* ChooseSeatModule.framework */; settings = {ATTRIBUTES = (CodeSignOnCopy, RemoveHeadersOnCopy, ); }; };
		7DA75F6F2B46E05400AF1D25 /* TicketModule.framework in Frameworks */ = {isa = PBXBuildFile; fileRef = 7DA75F6C2B46E05400AF1D25 /* TicketModule.framework */; };
		7DA75F702B46E05400AF1D25 /* TicketModule.framework in Embed Frameworks */ = {isa = PBXBuildFile; fileRef = 7DA75F6C2B46E05400AF1D25 /* TicketModule.framework */; settings = {ATTRIBUTES = (CodeSignOnCopy, RemoveHeadersOnCopy, ); }; };
		7DCAB33E2B3DA4160045C37D /* MovieDetail.framework in Frameworks */ = {isa = PBXBuildFile; fileRef = 7DCAB33D2B3DA4160045C37D /* MovieDetail.framework */; };
		7DCAB33F2B3DA4160045C37D /* MovieDetail.framework in Embed Frameworks */ = {isa = PBXBuildFile; fileRef = 7DCAB33D2B3DA4160045C37D /* MovieDetail.framework */; settings = {ATTRIBUTES = (CodeSignOnCopy, RemoveHeadersOnCopy, ); }; };
/* End PBXBuildFile section */

/* Begin PBXCopyFilesBuildPhase section */
		7D2F44AC2B3B587100B4C31D /* Embed Frameworks */ = {
			isa = PBXCopyFilesBuildPhase;
			buildActionMask = 2147483647;
			dstPath = "";
			dstSubfolderSpec = 10;
			files = (
				7D4E7F462B4035A700A7196B /* HallsAndSessionsModule.framework in Embed Frameworks */,
				7DCAB33F2B3DA4160045C37D /* MovieDetail.framework in Embed Frameworks */,
				7D51329D2B4347CA00D6AD70 /* ChooseSeatModule.framework in Embed Frameworks */,
				7DA75F702B46E05400AF1D25 /* TicketModule.framework in Embed Frameworks */,
				7D2F44AB2B3B587100B4C31D /* DependenyKit.framework in Embed Frameworks */,
				7D4372D52B4C11DA0049DB05 /* SearchMovie.framework in Embed Frameworks */,
				7D3F050A2B459E0700044D01 /* PaymentPageModule.framework in Embed Frameworks */,
				7D2F44AF2B3B588600B4C31D /* HomeModule.framework in Embed Frameworks */,
			);
			name = "Embed Frameworks";
			runOnlyForDeploymentPostprocessing = 0;
		};
/* End PBXCopyFilesBuildPhase section */

/* Begin PBXFileReference section */
		7D2F445C2B3B53A200B4C31D /* MovieTicket.app */ = {isa = PBXFileReference; explicitFileType = wrapper.application; includeInIndex = 0; path = MovieTicket.app; sourceTree = BUILT_PRODUCTS_DIR; };
		7D2F445F2B3B53A200B4C31D /* AppDelegate.swift */ = {isa = PBXFileReference; lastKnownFileType = sourcecode.swift; path = AppDelegate.swift; sourceTree = "<group>"; };
		7D2F44612B3B53A200B4C31D /* SceneDelegate.swift */ = {isa = PBXFileReference; lastKnownFileType = sourcecode.swift; path = SceneDelegate.swift; sourceTree = "<group>"; };
		7D2F44682B3B53A500B4C31D /* Assets.xcassets */ = {isa = PBXFileReference; lastKnownFileType = folder.assetcatalog; path = Assets.xcassets; sourceTree = "<group>"; };
		7D2F446B2B3B53A500B4C31D /* Base */ = {isa = PBXFileReference; lastKnownFileType = file.storyboard; name = Base; path = Base.lproj/LaunchScreen.storyboard; sourceTree = "<group>"; };
		7D2F446D2B3B53A500B4C31D /* Info.plist */ = {isa = PBXFileReference; lastKnownFileType = text.plist.xml; path = Info.plist; sourceTree = "<group>"; };
		7D2F44A92B3B587100B4C31D /* DependenyKit.framework */ = {isa = PBXFileReference; explicitFileType = wrapper.framework; path = DependenyKit.framework; sourceTree = BUILT_PRODUCTS_DIR; };
		7D2F44AD2B3B588600B4C31D /* HomeModule.framework */ = {isa = PBXFileReference; explicitFileType = wrapper.framework; path = HomeModule.framework; sourceTree = BUILT_PRODUCTS_DIR; };
		7D2F44B02B3B58E600B4C31D /* DependencyRegister.swift */ = {isa = PBXFileReference; lastKnownFileType = sourcecode.swift; path = DependencyRegister.swift; sourceTree = "<group>"; };
		7D3F05082B459E0700044D01 /* PaymentPageModule.framework */ = {isa = PBXFileReference; explicitFileType = wrapper.framework; path = PaymentPageModule.framework; sourceTree = BUILT_PRODUCTS_DIR; };
		7D3F053B2B45D1F500044D01 /* TabbarModule.framework */ = {isa = PBXFileReference; explicitFileType = wrapper.framework; path = TabbarModule.framework; sourceTree = BUILT_PRODUCTS_DIR; };
		7D4372D32B4C11DA0049DB05 /* SearchMovie.framework */ = {isa = PBXFileReference; explicitFileType = wrapper.framework; path = SearchMovie.framework; sourceTree = BUILT_PRODUCTS_DIR; };
		7D4E7F442B4035A700A7196B /* HallsAndSessionsModule.framework */ = {isa = PBXFileReference; explicitFileType = wrapper.framework; path = HallsAndSessionsModule.framework; sourceTree = BUILT_PRODUCTS_DIR; };
		7D51329B2B4347CA00D6AD70 /* ChooseSeatModule.framework */ = {isa = PBXFileReference; explicitFileType = wrapper.framework; path = ChooseSeatModule.framework; sourceTree = BUILT_PRODUCTS_DIR; };
		7DA75F6B2B46E05400AF1D25 /* TicketListModule.framework */ = {isa = PBXFileReference; explicitFileType = wrapper.framework; path = TicketListModule.framework; sourceTree = BUILT_PRODUCTS_DIR; };
		7DA75F6C2B46E05400AF1D25 /* TicketModule.framework */ = {isa = PBXFileReference; explicitFileType = wrapper.framework; path = TicketModule.framework; sourceTree = BUILT_PRODUCTS_DIR; };
		7DCAB33D2B3DA4160045C37D /* MovieDetail.framework */ = {isa = PBXFileReference; explicitFileType = wrapper.framework; path = MovieDetail.framework; sourceTree = BUILT_PRODUCTS_DIR; };
/* End PBXFileReference section */

/* Begin PBXFrameworksBuildPhase section */
		7D2F44592B3B53A200B4C31D /* Frameworks */ = {
			isa = PBXFrameworksBuildPhase;
			buildActionMask = 2147483647;
			files = (
				7D4E7F452B4035A700A7196B /* HallsAndSessionsModule.framework in Frameworks */,
				7DCAB33E2B3DA4160045C37D /* MovieDetail.framework in Frameworks */,
				7D51329C2B4347CA00D6AD70 /* ChooseSeatModule.framework in Frameworks */,
				7DA75F6F2B46E05400AF1D25 /* TicketModule.framework in Frameworks */,
				7D2F44AA2B3B587100B4C31D /* DependenyKit.framework in Frameworks */,
				7D4372D42B4C11DA0049DB05 /* SearchMovie.framework in Frameworks */,
				7D3F05092B459E0700044D01 /* PaymentPageModule.framework in Frameworks */,
				7D2F44AE2B3B588600B4C31D /* HomeModule.framework in Frameworks */,
			);
			runOnlyForDeploymentPostprocessing = 0;
		};
/* End PBXFrameworksBuildPhase section */

/* Begin PBXGroup section */
		7D2F44532B3B53A200B4C31D = {
			isa = PBXGroup;
			children = (
				7D2F445E2B3B53A200B4C31D /* MovieTicket */,
				7D2F445D2B3B53A200B4C31D /* Products */,
				7D2F44A82B3B587100B4C31D /* Frameworks */,
			);
			sourceTree = "<group>";
		};
		7D2F445D2B3B53A200B4C31D /* Products */ = {
			isa = PBXGroup;
			children = (
				7D2F445C2B3B53A200B4C31D /* MovieTicket.app */,
			);
			name = Products;
			sourceTree = "<group>";
		};
		7D2F445E2B3B53A200B4C31D /* MovieTicket */ = {
			isa = PBXGroup;
			children = (
				7D2F445F2B3B53A200B4C31D /* AppDelegate.swift */,
				7D2F44612B3B53A200B4C31D /* SceneDelegate.swift */,
				7D2F44682B3B53A500B4C31D /* Assets.xcassets */,
				7D2F446A2B3B53A500B4C31D /* LaunchScreen.storyboard */,
				7D2F446D2B3B53A500B4C31D /* Info.plist */,
				7D2F44B02B3B58E600B4C31D /* DependencyRegister.swift */,
			);
			path = MovieTicket;
			sourceTree = "<group>";
		};
		7D2F44A82B3B587100B4C31D /* Frameworks */ = {
			isa = PBXGroup;
			children = (
				7D4372D32B4C11DA0049DB05 /* SearchMovie.framework */,
				7DA75F6B2B46E05400AF1D25 /* TicketListModule.framework */,
				7DA75F6C2B46E05400AF1D25 /* TicketModule.framework */,
				7D3F053B2B45D1F500044D01 /* TabbarModule.framework */,
				7D3F05082B459E0700044D01 /* PaymentPageModule.framework */,
				7D51329B2B4347CA00D6AD70 /* ChooseSeatModule.framework */,
				7D4E7F442B4035A700A7196B /* HallsAndSessionsModule.framework */,
				7DCAB33D2B3DA4160045C37D /* MovieDetail.framework */,
				7D2F44AD2B3B588600B4C31D /* HomeModule.framework */,
				7D2F44A92B3B587100B4C31D /* DependenyKit.framework */,
			);
			name = Frameworks;
			sourceTree = "<group>";
		};
/* End PBXGroup section */

/* Begin PBXNativeTarget section */
		7D2F445B2B3B53A200B4C31D /* MovieTicket */ = {
			isa = PBXNativeTarget;
			buildConfigurationList = 7D2F44702B3B53A500B4C31D /* Build configuration list for PBXNativeTarget "MovieTicket" */;
			buildPhases = (
				7D2F44582B3B53A200B4C31D /* Sources */,
				7D2F44592B3B53A200B4C31D /* Frameworks */,
				7D2F445A2B3B53A200B4C31D /* Resources */,
				7D2F44AC2B3B587100B4C31D /* Embed Frameworks */,
			);
			buildRules = (
			);
			dependencies = (
			);
			name = MovieTicket;
			productName = MovieTicket;
			productReference = 7D2F445C2B3B53A200B4C31D /* MovieTicket.app */;
			productType = "com.apple.product-type.application";
		};
/* End PBXNativeTarget section */

/* Begin PBXProject section */
		7D2F44542B3B53A200B4C31D /* Project object */ = {
			isa = PBXProject;
			attributes = {
				BuildIndependentTargetsInParallel = 1;
				LastSwiftUpdateCheck = 1500;
				LastUpgradeCheck = 1500;
				TargetAttributes = {
					7D2F445B2B3B53A200B4C31D = {
						CreatedOnToolsVersion = 15.0;
					};
				};
			};
			buildConfigurationList = 7D2F44572B3B53A200B4C31D /* Build configuration list for PBXProject "MovieTicket" */;
			compatibilityVersion = "Xcode 14.0";
			developmentRegion = en;
			hasScannedForEncodings = 0;
			knownRegions = (
				en,
				Base,
			);
			mainGroup = 7D2F44532B3B53A200B4C31D;
			productRefGroup = 7D2F445D2B3B53A200B4C31D /* Products */;
			projectDirPath = "";
			projectRoot = "";
			targets = (
				7D2F445B2B3B53A200B4C31D /* MovieTicket */,
			);
		};
/* End PBXProject section */

/* Begin PBXResourcesBuildPhase section */
		7D2F445A2B3B53A200B4C31D /* Resources */ = {
			isa = PBXResourcesBuildPhase;
			buildActionMask = 2147483647;
			files = (
				7D2F446C2B3B53A500B4C31D /* LaunchScreen.storyboard in Resources */,
				7D2F44692B3B53A500B4C31D /* Assets.xcassets in Resources */,
			);
			runOnlyForDeploymentPostprocessing = 0;
		};
/* End PBXResourcesBuildPhase section */

/* Begin PBXSourcesBuildPhase section */
		7D2F44582B3B53A200B4C31D /* Sources */ = {
			isa = PBXSourcesBuildPhase;
			buildActionMask = 2147483647;
			files = (
				7D2F44B12B3B58E600B4C31D /* DependencyRegister.swift in Sources */,
				7D2F44602B3B53A200B4C31D /* AppDelegate.swift in Sources */,
				7D2F44622B3B53A200B4C31D /* SceneDelegate.swift in Sources */,
			);
			runOnlyForDeploymentPostprocessing = 0;
		};
/* End PBXSourcesBuildPhase section */

/* Begin PBXVariantGroup section */
		7D2F446A2B3B53A500B4C31D /* LaunchScreen.storyboard */ = {
			isa = PBXVariantGroup;
			children = (
				7D2F446B2B3B53A500B4C31D /* Base */,
			);
			name = LaunchScreen.storyboard;
			sourceTree = "<group>";
		};
/* End PBXVariantGroup section */

/* Begin XCBuildConfiguration section */
		7D2F446E2B3B53A500B4C31D /* Debug */ = {
			isa = XCBuildConfiguration;
			buildSettings = {
				ALWAYS_SEARCH_USER_PATHS = NO;
				ASSETCATALOG_COMPILER_GENERATE_SWIFT_ASSET_SYMBOL_EXTENSIONS = YES;
				CLANG_ANALYZER_NONNULL = YES;
				CLANG_ANALYZER_NUMBER_OBJECT_CONVERSION = YES_AGGRESSIVE;
				CLANG_CXX_LANGUAGE_STANDARD = "gnu++20";
				CLANG_ENABLE_MODULES = YES;
				CLANG_ENABLE_OBJC_ARC = YES;
				CLANG_ENABLE_OBJC_WEAK = YES;
				CLANG_WARN_BLOCK_CAPTURE_AUTORELEASING = YES;
				CLANG_WARN_BOOL_CONVERSION = YES;
				CLANG_WARN_COMMA = YES;
				CLANG_WARN_CONSTANT_CONVERSION = YES;
				CLANG_WARN_DEPRECATED_OBJC_IMPLEMENTATIONS = YES;
				CLANG_WARN_DIRECT_OBJC_ISA_USAGE = YES_ERROR;
				CLANG_WARN_DOCUMENTATION_COMMENTS = YES;
				CLANG_WARN_EMPTY_BODY = YES;
				CLANG_WARN_ENUM_CONVERSION = YES;
				CLANG_WARN_INFINITE_RECURSION = YES;
				CLANG_WARN_INT_CONVERSION = YES;
				CLANG_WARN_NON_LITERAL_NULL_CONVERSION = YES;
				CLANG_WARN_OBJC_IMPLICIT_RETAIN_SELF = YES;
				CLANG_WARN_OBJC_LITERAL_CONVERSION = YES;
				CLANG_WARN_OBJC_ROOT_CLASS = YES_ERROR;
				CLANG_WARN_QUOTED_INCLUDE_IN_FRAMEWORK_HEADER = YES;
				CLANG_WARN_RANGE_LOOP_ANALYSIS = YES;
				CLANG_WARN_STRICT_PROTOTYPES = YES;
				CLANG_WARN_SUSPICIOUS_MOVE = YES;
				CLANG_WARN_UNGUARDED_AVAILABILITY = YES_AGGRESSIVE;
				CLANG_WARN_UNREACHABLE_CODE = YES;
				CLANG_WARN__DUPLICATE_METHOD_MATCH = YES;
				COPY_PHASE_STRIP = NO;
				DEBUG_INFORMATION_FORMAT = dwarf;
				ENABLE_STRICT_OBJC_MSGSEND = YES;
				ENABLE_TESTABILITY = YES;
				ENABLE_USER_SCRIPT_SANDBOXING = YES;
				GCC_C_LANGUAGE_STANDARD = gnu17;
				GCC_DYNAMIC_NO_PIC = NO;
				GCC_NO_COMMON_BLOCKS = YES;
				GCC_OPTIMIZATION_LEVEL = 0;
				GCC_PREPROCESSOR_DEFINITIONS = (
					"DEBUG=1",
					"$(inherited)",
				);
				GCC_WARN_64_TO_32_BIT_CONVERSION = YES;
				GCC_WARN_ABOUT_RETURN_TYPE = YES_ERROR;
				GCC_WARN_UNDECLARED_SELECTOR = YES;
				GCC_WARN_UNINITIALIZED_AUTOS = YES_AGGRESSIVE;
				GCC_WARN_UNUSED_FUNCTION = YES;
				GCC_WARN_UNUSED_VARIABLE = YES;
				IPHONEOS_DEPLOYMENT_TARGET = 17.0;
				LOCALIZATION_PREFERS_STRING_CATALOGS = YES;
				MTL_ENABLE_DEBUG_INFO = INCLUDE_SOURCE;
				MTL_FAST_MATH = YES;
				ONLY_ACTIVE_ARCH = YES;
				SDKROOT = iphoneos;
				SWIFT_ACTIVE_COMPILATION_CONDITIONS = "DEBUG $(inherited)";
				SWIFT_OPTIMIZATION_LEVEL = "-Onone";
			};
			name = Debug;
		};
		7D2F446F2B3B53A500B4C31D /* Release */ = {
			isa = XCBuildConfiguration;
			buildSettings = {
				ALWAYS_SEARCH_USER_PATHS = NO;
				ASSETCATALOG_COMPILER_GENERATE_SWIFT_ASSET_SYMBOL_EXTENSIONS = YES;
				CLANG_ANALYZER_NONNULL = YES;
				CLANG_ANALYZER_NUMBER_OBJECT_CONVERSION = YES_AGGRESSIVE;
				CLANG_CXX_LANGUAGE_STANDARD = "gnu++20";
				CLANG_ENABLE_MODULES = YES;
				CLANG_ENABLE_OBJC_ARC = YES;
				CLANG_ENABLE_OBJC_WEAK = YES;
				CLANG_WARN_BLOCK_CAPTURE_AUTORELEASING = YES;
				CLANG_WARN_BOOL_CONVERSION = YES;
				CLANG_WARN_COMMA = YES;
				CLANG_WARN_CONSTANT_CONVERSION = YES;
				CLANG_WARN_DEPRECATED_OBJC_IMPLEMENTATIONS = YES;
				CLANG_WARN_DIRECT_OBJC_ISA_USAGE = YES_ERROR;
				CLANG_WARN_DOCUMENTATION_COMMENTS = YES;
				CLANG_WARN_EMPTY_BODY = YES;
				CLANG_WARN_ENUM_CONVERSION = YES;
				CLANG_WARN_INFINITE_RECURSION = YES;
				CLANG_WARN_INT_CONVERSION = YES;
				CLANG_WARN_NON_LITERAL_NULL_CONVERSION = YES;
				CLANG_WARN_OBJC_IMPLICIT_RETAIN_SELF = YES;
				CLANG_WARN_OBJC_LITERAL_CONVERSION = YES;
				CLANG_WARN_OBJC_ROOT_CLASS = YES_ERROR;
				CLANG_WARN_QUOTED_INCLUDE_IN_FRAMEWORK_HEADER = YES;
				CLANG_WARN_RANGE_LOOP_ANALYSIS = YES;
				CLANG_WARN_STRICT_PROTOTYPES = YES;
				CLANG_WARN_SUSPICIOUS_MOVE = YES;
				CLANG_WARN_UNGUARDED_AVAILABILITY = YES_AGGRESSIVE;
				CLANG_WARN_UNREACHABLE_CODE = YES;
				CLANG_WARN__DUPLICATE_METHOD_MATCH = YES;
				COPY_PHASE_STRIP = NO;
				DEBUG_INFORMATION_FORMAT = "dwarf-with-dsym";
				ENABLE_NS_ASSERTIONS = NO;
				ENABLE_STRICT_OBJC_MSGSEND = YES;
				ENABLE_USER_SCRIPT_SANDBOXING = YES;
				GCC_C_LANGUAGE_STANDARD = gnu17;
				GCC_NO_COMMON_BLOCKS = YES;
				GCC_WARN_64_TO_32_BIT_CONVERSION = YES;
				GCC_WARN_ABOUT_RETURN_TYPE = YES_ERROR;
				GCC_WARN_UNDECLARED_SELECTOR = YES;
				GCC_WARN_UNINITIALIZED_AUTOS = YES_AGGRESSIVE;
				GCC_WARN_UNUSED_FUNCTION = YES;
				GCC_WARN_UNUSED_VARIABLE = YES;
				IPHONEOS_DEPLOYMENT_TARGET = 17.0;
				LOCALIZATION_PREFERS_STRING_CATALOGS = YES;
				MTL_ENABLE_DEBUG_INFO = NO;
				MTL_FAST_MATH = YES;
				SDKROOT = iphoneos;
				SWIFT_COMPILATION_MODE = wholemodule;
				VALIDATE_PRODUCT = YES;
			};
			name = Release;
		};
		7D2F44712B3B53A500B4C31D /* Debug */ = {
			isa = XCBuildConfiguration;
			buildSettings = {
				ASSETCATALOG_COMPILER_APPICON_NAME = AppIcon;
				ASSETCATALOG_COMPILER_GLOBAL_ACCENT_COLOR_NAME = AccentColor;
				CODE_SIGN_STYLE = Automatic;
				CURRENT_PROJECT_VERSION = 1;
				DEVELOPMENT_TEAM = 34G99QRS57;
				GENERATE_INFOPLIST_FILE = YES;
				INFOPLIST_FILE = MovieTicket/Info.plist;
				INFOPLIST_KEY_UIApplicationSupportsIndirectInputEvents = YES;
				INFOPLIST_KEY_UILaunchStoryboardName = LaunchScreen;
				INFOPLIST_KEY_UISupportedInterfaceOrientations_iPad = "UIInterfaceOrientationPortrait UIInterfaceOrientationPortraitUpsideDown UIInterfaceOrientationLandscapeLeft UIInterfaceOrientationLandscapeRight";
				INFOPLIST_KEY_UISupportedInterfaceOrientations_iPhone = "UIInterfaceOrientationPortrait UIInterfaceOrientationLandscapeLeft UIInterfaceOrientationLandscapeRight";
				LD_RUNPATH_SEARCH_PATHS = (
					"$(inherited)",
					"@executable_path/Frameworks",
				);
				MARKETING_VERSION = 1.0;
				PRODUCT_BUNDLE_IDENTIFIER = com.engingulek.MovieTicket;
				PRODUCT_NAME = "$(TARGET_NAME)";
				SWIFT_EMIT_LOC_STRINGS = YES;
				SWIFT_VERSION = 5.0;
				TARGETED_DEVICE_FAMILY = "1,2";
			};
			name = Debug;
		};
		7D2F44722B3B53A500B4C31D /* Release */ = {
			isa = XCBuildConfiguration;
			buildSettings = {
				ASSETCATALOG_COMPILER_APPICON_NAME = AppIcon;
				ASSETCATALOG_COMPILER_GLOBAL_ACCENT_COLOR_NAME = AccentColor;
				CODE_SIGN_STYLE = Automatic;
				CURRENT_PROJECT_VERSION = 1;
				DEVELOPMENT_TEAM = 34G99QRS57;
				GENERATE_INFOPLIST_FILE = YES;
				INFOPLIST_FILE = MovieTicket/Info.plist;
				INFOPLIST_KEY_UIApplicationSupportsIndirectInputEvents = YES;
				INFOPLIST_KEY_UILaunchStoryboardName = LaunchScreen;
				INFOPLIST_KEY_UISupportedInterfaceOrientations_iPad = "UIInterfaceOrientationPortrait UIInterfaceOrientationPortraitUpsideDown UIInterfaceOrientationLandscapeLeft UIInterfaceOrientationLandscapeRight";
				INFOPLIST_KEY_UISupportedInterfaceOrientations_iPhone = "UIInterfaceOrientationPortrait UIInterfaceOrientationLandscapeLeft UIInterfaceOrientationLandscapeRight";
				LD_RUNPATH_SEARCH_PATHS = (
					"$(inherited)",
					"@executable_path/Frameworks",
				);
				MARKETING_VERSION = 1.0;
				PRODUCT_BUNDLE_IDENTIFIER = com.engingulek.MovieTicket;
				PRODUCT_NAME = "$(TARGET_NAME)";
				SWIFT_EMIT_LOC_STRINGS = YES;
				SWIFT_VERSION = 5.0;
				TARGETED_DEVICE_FAMILY = "1,2";
			};
			name = Release;
		};
/* End XCBuildConfiguration section */

/* Begin XCConfigurationList section */
		7D2F44572B3B53A200B4C31D /* Build configuration list for PBXProject "MovieTicket" */ = {
			isa = XCConfigurationList;
			buildConfigurations = (
				7D2F446E2B3B53A500B4C31D /* Debug */,
				7D2F446F2B3B53A500B4C31D /* Release */,
			);
			defaultConfigurationIsVisible = 0;
			defaultConfigurationName = Release;
		};
		7D2F44702B3B53A500B4C31D /* Build configuration list for PBXNativeTarget "MovieTicket" */ = {
			isa = XCConfigurationList;
			buildConfigurations = (
				7D2F44712B3B53A500B4C31D /* Debug */,
				7D2F44722B3B53A500B4C31D /* Release */,
			);
			defaultConfigurationIsVisible = 0;
			defaultConfigurationName = Release;
		};
/* End XCConfigurationList section */
	};
	rootObject = 7D2F44542B3B53A200B4C31D /* Project object */;
}
